
Microsoft Visual Studio Solution File, Format Version 12.00
# Visual Studio Version 17
VisualStudioVersion = 17.6.33723.286
MinimumVisualStudioVersion = 10.0.40219.1
Project("{FAE04EC0-301F-11D3-BF4B-00C04F79EFBC}") = "API-Controller", "API-Controller\API-Controller.csproj", "{425FA627-7804-468E-B645-EA9D52C71CC1}"
EndProject
Global
	GlobalSection(SolutionConfigurationPlatforms) = preSolution
		Debug|Any CPU = Debug|Any CPU
		Release|Any CPU = Release|Any CPU
	EndGlobalSection
	GlobalSection(ProjectConfigurationPlatforms) = postSolution
		{425FA627-7804-468E-B645-EA9D52C71CC1}.Debug|Any CPU.ActiveCfg = Debug|Any CPU
		{425FA627-7804-468E-B645-EA9D52C71CC1}.Debug|Any CPU.Build.0 = Debug|Any CPU
		{425FA627-7804-468E-B645-EA9D52C71CC1}.Release|Any CPU.ActiveCfg = Release|Any CPU
		{425FA627-7804-468E-B645-EA9D52C71CC1}.Release|Any CPU.Build.0 = Release|Any CPU
	EndGlobalSection
	GlobalSection(SolutionProperties) = preSolution
		HideSolutionNode = FALSE
	EndGlobalSection
	GlobalSection(ExtensibilityGlobals) = postSolution
		SolutionGuid = {5B9846B3-DBCB-4406-AB47-741F3DE50979}
	EndGlobalSection
EndGlobal
