
Microsoft Visual Studio Solution File, Format Version 12.00
# Visual Studio Version 17
VisualStudioVersion = 17.9.34701.34
MinimumVisualStudioVersion = 10.0.40219.1
Project("{FAE04EC0-301F-11D3-BF4B-00C04F79EFBC}") = "ponto-usuario", "ponto-usuario\ponto-usuario.csproj", "{7F256639-102B-47E3-9DFB-68B23D8C42F4}"
EndProject
Global
	GlobalSection(SolutionConfigurationPlatforms) = preSolution
		Debug|Any CPU = Debug|Any CPU
		Release|Any CPU = Release|Any CPU
	EndGlobalSection
	GlobalSection(ProjectConfigurationPlatforms) = postSolution
		{7F256639-102B-47E3-9DFB-68B23D8C42F4}.Debug|Any CPU.ActiveCfg = Debug|Any CPU
		{7F256639-102B-47E3-9DFB-68B23D8C42F4}.Debug|Any CPU.Build.0 = Debug|Any CPU
		{7F256639-102B-47E3-9DFB-68B23D8C42F4}.Release|Any CPU.ActiveCfg = Release|Any CPU
		{7F256639-102B-47E3-9DFB-68B23D8C42F4}.Release|Any CPU.Build.0 = Release|Any CPU
	EndGlobalSection
	GlobalSection(SolutionProperties) = preSolution
		HideSolutionNode = FALSE
	EndGlobalSection
	GlobalSection(ExtensibilityGlobals) = postSolution
		SolutionGuid = {B0440D16-309B-4D7D-86AF-859EB3B9C384}
	EndGlobalSection
EndGlobal
